
Microsoft Visual Studio Solution File, Format Version 12.00
# Visual Studio Version 17
VisualStudioVersion = 17.13.35818.85 d17.13
MinimumVisualStudioVersion = 10.0.40219.1
Project("{FAE04EC0-301F-11D3-BF4B-00C04F79EFBC}") = "DemoConsole", "DemoConsole.csproj", "{34FAF29F-AF97-407C-99FE-A01F9D36800D}"
EndProject
Global
	GlobalSection(SolutionConfigurationPlatforms) = preSolution
		Debug|Any CPU = Debug|Any CPU
		Release|Any CPU = Release|Any CPU
	EndGlobalSection
	GlobalSection(ProjectConfigurationPlatforms) = postSolution
		{34FAF29F-AF97-407C-99FE-A01F9D36800D}.Debug|Any CPU.ActiveCfg = Debug|Any CPU
		{34FAF29F-AF97-407C-99FE-A01F9D36800D}.Debug|Any CPU.Build.0 = Debug|Any CPU
		{34FAF29F-AF97-407C-99FE-A01F9D36800D}.Release|Any CPU.ActiveCfg = Release|Any CPU
		{34FAF29F-AF97-407C-99FE-A01F9D36800D}.Release|Any CPU.Build.0 = Release|Any CPU
	EndGlobalSection
	GlobalSection(SolutionProperties) = preSolution
		HideSolutionNode = FALSE
	EndGlobalSection
	GlobalSection(ExtensibilityGlobals) = postSolution
		SolutionGuid = {0FD5E58D-9428-4CC0-9D54-51CA84D76651}
	EndGlobalSection
EndGlobal
